
Microsoft Visual Studio Solution File, Format Version 12.00
# Visual Studio Version 18
VisualStudioVersion = 18.10.12113.136
MinimumVisualStudioVersion = 10.0.40219.1
Project("{FAE04EC0-301F-11D3-BF4B-00C04F79EFBC}") = "FolderSynchronizer.App", "FolderSynchronizer.App\FolderSynchronizer.App.csproj", "{F93AF8E3-CB3D-4589-A36E-4D43CD9834F4}"
EndProject
Project("{FAE04EC0-301F-11D3-BF4B-00C04F79EFBC}") = "FolderSynchronizer.UnitTests", "FolderSynchronizer.UnitTests\FolderSynchronizer.UnitTests.csproj", "{603644C6-09CD-4EB8-9AD4-3FC3CC80BC9A}"
EndProject
Project("{FAE04EC0-301F-11D3-BF4B-00C04F79EFBC}") = "FolderSynchronizer.IntegrationTests", "FolderSynchronizer.IntegrationTests\FolderSynchronizer.IntegrationTests.csproj", "{20EEEBFA-91A2-4E9F-AF41-AB9BEC18766C}"
EndProject
Project("{FAE04EC0-301F-11D3-BF4B-00C04F79EFBC}") = "FolderSynchronizer.E2ETests", "FolderSynchronizer.E2ETests\FolderSynchronizer.E2ETests.csproj", "{EC45F855-B77E-45AE-B2D9-7E392F7C0298}"
EndProject
Global
	GlobalSection(SolutionConfigurationPlatforms) = preSolution
		Debug|Any CPU = Debug|Any CPU
		Release|Any CPU = Release|Any CPU
	EndGlobalSection
	GlobalSection(ProjectConfigurationPlatforms) = postSolution
		{F93AF8E3-CB3D-4589-A36E-4D43CD9834F4}.Debug|Any CPU.ActiveCfg = Debug|Any CPU
		{F93AF8E3-CB3D-4589-A36E-4D43CD9834F4}.Debug|Any CPU.Build.0 = Debug|Any CPU
		{F93AF8E3-CB3D-4589-A36E-4D43CD9834F4}.Release|Any CPU.ActiveCfg = Release|Any CPU
		{F93AF8E3-CB3D-4589-A36E-4D43CD9834F4}.Release|Any CPU.Build.0 = Release|Any CPU
		{603644C6-09CD-4EB8-9AD4-3FC3CC80BC9A}.Debug|Any CPU.ActiveCfg = Debug|Any CPU
		{603644C6-09CD-4EB8-9AD4-3FC3CC80BC9A}.Debug|Any CPU.Build.0 = Debug|Any CPU
		{603644C6-09CD-4EB8-9AD4-3FC3CC80BC9A}.Release|Any CPU.ActiveCfg = Release|Any CPU
		{603644C6-09CD-4EB8-9AD4-3FC3CC80BC9A}.Release|Any CPU.Build.0 = Release|Any CPU
		{20EEEBFA-91A2-4E9F-AF41-AB9BEC18766C}.Debug|Any CPU.ActiveCfg = Debug|Any CPU
		{20EEEBFA-91A2-4E9F-AF41-AB9BEC18766C}.Debug|Any CPU.Build.0 = Debug|Any CPU
		{20EEEBFA-91A2-4E9F-AF41-AB9BEC18766C}.Release|Any CPU.ActiveCfg = Release|Any CPU
		{20EEEBFA-91A2-4E9F-AF41-AB9BEC18766C}.Release|Any CPU.Build.0 = Release|Any CPU
		{EC45F855-B77E-45AE-B2D9-7E392F7C0298}.Debug|Any CPU.ActiveCfg = Debug|Any CPU
		{EC45F855-B77E-45AE-B2D9-7E392F7C0298}.Debug|Any CPU.Build.0 = Debug|Any CPU
		{EC45F855-B77E-45AE-B2D9-7E392F7C0298}.Release|Any CPU.ActiveCfg = Release|Any CPU
		{EC45F855-B77E-45AE-B2D9-7E392F7C0298}.Release|Any CPU.Build.0 = Release|Any CPU
	EndGlobalSection
	GlobalSection(SolutionProperties) = preSolution
		HideSolutionNode = FALSE
	EndGlobalSection
	GlobalSection(ExtensibilityGlobals) = postSolution
		SolutionGuid = {ACB4BF61-4944-48B7-B6AD-92E2A92EDEE4}
	EndGlobalSection
EndGlobal
